
Microsoft Visual Studio Solution File, Format Version 12.00
# Visual Studio 2013
VisualStudioVersion = 12.0.40629.0
MinimumVisualStudioVersion = 10.0.40219.1
Project("{FAE04EC0-301F-11D3-BF4B-00C04F79EFBC}") = "CommandContracts.Siport", "CommandContracts.Siport\CommandContracts.Siport.csproj", "{AA3FAF8A-B78C-48C5-AC97-738BE2DE84E6}"
EndProject
Project("{FAE04EC0-301F-11D3-BF4B-00C04F79EFBC}") = "CommandHandlers.Siport", "CommandHandlers.Siport\CommandHandlers.Siport.csproj", "{7A86CED8-8813-49EA-92E9-843EB0AA6B65}"
EndProject
Project("{FAE04EC0-301F-11D3-BF4B-00C04F79EFBC}") = "Data.Siport", "Data.Siport\Data.Siport.csproj", "{F2826F4C-059C-48D3-81CF-700F76D98D44}"
EndProject
Project("{FAE04EC0-301F-11D3-BF4B-00C04F79EFBC}") = "Domain.Siport", "Domain.Siport\Domain.Siport.csproj", "{8B8CB1EB-2F84-4D76-AD6F-0E5E6EC3AE09}"
EndProject
Project("{FAE04EC0-301F-11D3-BF4B-00C04F79EFBC}") = "QueryContracts.Siport", "QueryContracts.Siport\QueryContracts.Siport.csproj", "{FECE0078-DACF-424A-9FE6-7D9780621587}"
EndProject
Project("{FAE04EC0-301F-11D3-BF4B-00C04F79EFBC}") = "QueryHandlers.Siport", "QueryHandlers.Siport\QueryHandlers.Siport.csproj", "{AC24239C-82F6-4984-A63D-43076C655C73}"
EndProject
Project("{FAE04EC0-301F-11D3-BF4B-00C04F79EFBC}") = "ServiceAgents.Siport", "ServiceAgents.Siport\ServiceAgents.Siport.csproj", "{0B31B011-508D-4C0F-88E8-285067D68CDF}"
EndProject
Project("{2150E333-8FDC-42A3-9474-1A3956D46DE8}") = "1. Clientes", "1. Clientes", "{B59B6263-77E6-4FAD-B043-1E8A964C74FF}"
EndProject
Project("{2150E333-8FDC-42A3-9474-1A3956D46DE8}") = "1.1. Web", "1.1. Web", "{E3A8202E-00B4-403D-8F4B-BFFE5AD5F6D6}"
EndProject
Project("{2150E333-8FDC-42A3-9474-1A3956D46DE8}") = "1.2. Agentes de Servicio", "1.2. Agentes de Servicio", "{A494FF05-683C-42FC-ABD7-28A3D924087B}"
EndProject
Project("{2150E333-8FDC-42A3-9474-1A3956D46DE8}") = "2. Aplicacion", "2. Aplicacion", "{DD709C8A-9D57-4EE1-B28C-D631C7B31F83}"
EndProject
Project("{2150E333-8FDC-42A3-9474-1A3956D46DE8}") = "2.1 Servicios Distribuidos", "2.1 Servicios Distribuidos", "{DF788293-F6E7-46C4-A7C6-6082FEC2B739}"
EndProject
Project("{2150E333-8FDC-42A3-9474-1A3956D46DE8}") = "2.2 Servicios de Lectura", "2.2 Servicios de Lectura", "{5A85323B-1713-4ECF-9220-C037853024C5}"
EndProject
Project("{2150E333-8FDC-42A3-9474-1A3956D46DE8}") = "2.3 Servicios de Escritura", "2.3 Servicios de Escritura", "{5146593D-49FD-448E-9CAE-4D62216F755F}"
EndProject
Project("{2150E333-8FDC-42A3-9474-1A3956D46DE8}") = "2.4 Dominio", "2.4 Dominio", "{F3CF24EB-45B6-4945-ACC8-35010B6C5220}"
EndProject
Project("{2150E333-8FDC-42A3-9474-1A3956D46DE8}") = "2.5 Data", "2.5 Data", "{58F209B3-0C3D-43B0-9E96-3925BF16D005}"
EndProject
Project("{FAE04EC0-301F-11D3-BF4B-00C04F79EFBC}") = "DistributedServices.Siport", "DistributedServices.Siport\DistributedServices.Siport.csproj", "{9CDC2671-F7ED-4A45-896B-3D0496E10832}"
EndProject
Project("{2150E333-8FDC-42A3-9474-1A3956D46DE8}") = "3. Common", "3. Common", "{A958DAAC-7708-439F-8C4A-C18251170483}"
EndProject
Project("{FAE04EC0-301F-11D3-BF4B-00C04F79EFBC}") = "Bootstrapper.Wcf.Common", "..\common\Bootstrapper.Wcf.Common\Bootstrapper.Wcf.Common.csproj", "{632D8D2C-D866-4AEF-9A13-AC62C887AD03}"
EndProject
Project("{FAE04EC0-301F-11D3-BF4B-00C04F79EFBC}") = "Bootstrapper.Web.Common", "..\common\Bootstrapper.Web.Common\Bootstrapper.Web.Common.csproj", "{29141533-FC99-4C1A-A0EF-3095C6A7041B}"
EndProject
Project("{FAE04EC0-301F-11D3-BF4B-00C04F79EFBC}") = "CommandContracts.Common", "..\common\CommandContracts.Common\CommandContracts.Common.csproj", "{F36173D9-9783-472A-B943-4D306BA3CD9D}"
EndProject
Project("{FAE04EC0-301F-11D3-BF4B-00C04F79EFBC}") = "CommandHandlers.Common", "..\common\CommandHandlers.Common\CommandHandlers.Common.csproj", "{151416F0-D3CE-48D6-ACCE-EB1EEBD5AD18}"
EndProject
Project("{FAE04EC0-301F-11D3-BF4B-00C04F79EFBC}") = "Componentes.Common", "..\common\Componentes.Common\Componentes.Common.csproj", "{617D1A0D-2E6A-4868-BE96-AFA6BDEE07CC}"
EndProject
Project("{FAE04EC0-301F-11D3-BF4B-00C04F79EFBC}") = "Data.Common", "..\common\Data.Common\Data.Common.csproj", "{D85CC985-2203-4F65-BE6B-61DA9B4A00FB}"
EndProject
Project("{FAE04EC0-301F-11D3-BF4B-00C04F79EFBC}") = "DistributedServices.Common", "..\common\DistributedServices.Common\DistributedServices.Common.csproj", "{0CA4FE62-519E-43C1-8ADD-D26F6D9A0165}"
EndProject
Project("{FAE04EC0-301F-11D3-BF4B-00C04F79EFBC}") = "Domain.Common", "..\common\Domain.Common\Domain.Common.csproj", "{FB8FEA64-18E2-47A5-B277-30BBF68F297F}"
EndProject
Project("{FAE04EC0-301F-11D3-BF4B-00C04F79EFBC}") = "Infraestructure.Common", "..\common\Infraestructure.Common\Infraestructure.Common.csproj", "{3413C010-F57F-4B05-9A95-980A16EA768E}"
EndProject
Project("{FAE04EC0-301F-11D3-BF4B-00C04F79EFBC}") = "QueryContracts.Common", "..\common\QueryContracts.Common\QueryContracts.Common.csproj", "{84360AC8-C346-43DA-A960-724766203A1C}"
EndProject
Project("{FAE04EC0-301F-11D3-BF4B-00C04F79EFBC}") = "QueryHandlers.Common", "..\common\QueryHandlers.Common\QueryHandlers.Common.csproj", "{BF325CE3-B3E6-4E52-B41B-10774506ADC2}"
EndProject
Project("{FAE04EC0-301F-11D3-BF4B-00C04F79EFBC}") = "Seguridad.Common", "..\common\Seguridad.Common\Seguridad.Common.csproj", "{6E2E7FC7-BEA9-4B0E-BA91-3D6A3786189C}"
EndProject
Project("{FAE04EC0-301F-11D3-BF4B-00C04F79EFBC}") = "ServiceAgents.Common", "..\common\ServiceAgents.Common\ServiceAgents.Common.csproj", "{7735551A-DCF6-4B90-9A5C-CD20705FB393}"
EndProject
Project("{FAE04EC0-301F-11D3-BF4B-00C04F79EFBC}") = "WindowsService.Common", "..\common\WindowsService.Common\WindowsService.Common.csproj", "{7BEEEFBD-6D05-4BA1-B61E-7C3C5C6BABCB}"
EndProject
Project("{FAE04EC0-301F-11D3-BF4B-00C04F79EFBC}") = "Web.Common", "..\common\Web.Common\Web.Common.csproj", "{965909D5-63FD-4A31-899E-BD49CE71DFC0}"
EndProject
Project("{2150E333-8FDC-42A3-9474-1A3956D46DE8}") = "3.1. Web", "3.1. Web", "{6DFDA7A0-4F4F-468C-A059-B9B486004184}"
EndProject
Project("{2150E333-8FDC-42A3-9474-1A3956D46DE8}") = "3.2. Agentes de Servicio", "3.2. Agentes de Servicio", "{1350C0A8-13CD-465D-A9AF-B220F12F20F2}"
EndProject
Project("{2150E333-8FDC-42A3-9474-1A3956D46DE8}") = "3.3. Servicios Distribuidos", "3.3. Servicios Distribuidos", "{ECD733F5-3E09-49A6-8117-DDE36A9E4446}"
EndProject
Project("{2150E333-8FDC-42A3-9474-1A3956D46DE8}") = "3.4. Servicios de Lectura", "3.4. Servicios de Lectura", "{5EB9FB53-634D-4D3E-A3D5-6453C29D4A1D}"
EndProject
Project("{2150E333-8FDC-42A3-9474-1A3956D46DE8}") = "3.7. Data", "3.7. Data", "{FD02C9E0-B33A-4F6A-9089-DACA23BBD5D4}"
EndProject
Project("{2150E333-8FDC-42A3-9474-1A3956D46DE8}") = "3.5. Servicios de Escritura", "3.5. Servicios de Escritura", "{0708911F-100A-4C12-B425-A34FF9B54CFF}"
EndProject
Project("{2150E333-8FDC-42A3-9474-1A3956D46DE8}") = "3.6. Dominio", "3.6. Dominio", "{6C0098AD-2DF4-4FE9-AD44-6D24B0A977EC}"
EndProject
Project("{2150E333-8FDC-42A3-9474-1A3956D46DE8}") = "3.8. Infraestructura", "3.8. Infraestructura", "{939C7A06-B2DA-4DE9-8D2F-51EC4C463D2C}"
EndProject
Project("{2150E333-8FDC-42A3-9474-1A3956D46DE8}") = "3.9. Seguridad", "3.9. Seguridad", "{209B7FC6-623B-4A21-8A0D-AF4FD5AC041F}"
EndProject
Project("{FAE04EC0-301F-11D3-BF4B-00C04F79EFBC}") = "Web.Siport", "Web.Siport\Web.Siport.csproj", "{D1C26E36-2E4D-4756-AC9E-20050558D6EA}"
EndProject
Global
	GlobalSection(SolutionConfigurationPlatforms) = preSolution
		Debug|Any CPU = Debug|Any CPU
		Release|Any CPU = Release|Any CPU
	EndGlobalSection
	GlobalSection(ProjectConfigurationPlatforms) = postSolution
		{AA3FAF8A-B78C-48C5-AC97-738BE2DE84E6}.Debug|Any CPU.ActiveCfg = Debug|Any CPU
		{AA3FAF8A-B78C-48C5-AC97-738BE2DE84E6}.Debug|Any CPU.Build.0 = Debug|Any CPU
		{AA3FAF8A-B78C-48C5-AC97-738BE2DE84E6}.Release|Any CPU.ActiveCfg = Release|Any CPU
		{AA3FAF8A-B78C-48C5-AC97-738BE2DE84E6}.Release|Any CPU.Build.0 = Release|Any CPU
		{7A86CED8-8813-49EA-92E9-843EB0AA6B65}.Debug|Any CPU.ActiveCfg = Debug|Any CPU
		{7A86CED8-8813-49EA-92E9-843EB0AA6B65}.Debug|Any CPU.Build.0 = Debug|Any CPU
		{7A86CED8-8813-49EA-92E9-843EB0AA6B65}.Release|Any CPU.ActiveCfg = Release|Any CPU
		{7A86CED8-8813-49EA-92E9-843EB0AA6B65}.Release|Any CPU.Build.0 = Release|Any CPU
		{F2826F4C-059C-48D3-81CF-700F76D98D44}.Debug|Any CPU.ActiveCfg = Debug|Any CPU
		{F2826F4C-059C-48D3-81CF-700F76D98D44}.Debug|Any CPU.Build.0 = Debug|Any CPU
		{F2826F4C-059C-48D3-81CF-700F76D98D44}.Release|Any CPU.ActiveCfg = Release|Any CPU
		{F2826F4C-059C-48D3-81CF-700F76D98D44}.Release|Any CPU.Build.0 = Release|Any CPU
		{8B8CB1EB-2F84-4D76-AD6F-0E5E6EC3AE09}.Debug|Any CPU.ActiveCfg = Debug|Any CPU
		{8B8CB1EB-2F84-4D76-AD6F-0E5E6EC3AE09}.Debug|Any CPU.Build.0 = Debug|Any CPU
		{8B8CB1EB-2F84-4D76-AD6F-0E5E6EC3AE09}.Release|Any CPU.ActiveCfg = Release|Any CPU
		{8B8CB1EB-2F84-4D76-AD6F-0E5E6EC3AE09}.Release|Any CPU.Build.0 = Release|Any CPU
		{FECE0078-DACF-424A-9FE6-7D9780621587}.Debug|Any CPU.ActiveCfg = Debug|Any CPU
		{FECE0078-DACF-424A-9FE6-7D9780621587}.Debug|Any CPU.Build.0 = Debug|Any CPU
		{FECE0078-DACF-424A-9FE6-7D9780621587}.Release|Any CPU.ActiveCfg = Release|Any CPU
		{FECE0078-DACF-424A-9FE6-7D9780621587}.Release|Any CPU.Build.0 = Release|Any CPU
		{AC24239C-82F6-4984-A63D-43076C655C73}.Debug|Any CPU.ActiveCfg = Debug|Any CPU
		{AC24239C-82F6-4984-A63D-43076C655C73}.Debug|Any CPU.Build.0 = Debug|Any CPU
		{AC24239C-82F6-4984-A63D-43076C655C73}.Release|Any CPU.ActiveCfg = Release|Any CPU
		{AC24239C-82F6-4984-A63D-43076C655C73}.Release|Any CPU.Build.0 = Release|Any CPU
		{0B31B011-508D-4C0F-88E8-285067D68CDF}.Debug|Any CPU.ActiveCfg = Debug|Any CPU
		{0B31B011-508D-4C0F-88E8-285067D68CDF}.Debug|Any CPU.Build.0 = Debug|Any CPU
		{0B31B011-508D-4C0F-88E8-285067D68CDF}.Release|Any CPU.ActiveCfg = Release|Any CPU
		{0B31B011-508D-4C0F-88E8-285067D68CDF}.Release|Any CPU.Build.0 = Release|Any CPU
		{9CDC2671-F7ED-4A45-896B-3D0496E10832}.Debug|Any CPU.ActiveCfg = Debug|Any CPU
		{9CDC2671-F7ED-4A45-896B-3D0496E10832}.Debug|Any CPU.Build.0 = Debug|Any CPU
		{9CDC2671-F7ED-4A45-896B-3D0496E10832}.Release|Any CPU.ActiveCfg = Release|Any CPU
		{9CDC2671-F7ED-4A45-896B-3D0496E10832}.Release|Any CPU.Build.0 = Release|Any CPU
		{632D8D2C-D866-4AEF-9A13-AC62C887AD03}.Debug|Any CPU.ActiveCfg = Debug|Any CPU
		{632D8D2C-D866-4AEF-9A13-AC62C887AD03}.Debug|Any CPU.Build.0 = Debug|Any CPU
		{632D8D2C-D866-4AEF-9A13-AC62C887AD03}.Release|Any CPU.ActiveCfg = Release|Any CPU
		{632D8D2C-D866-4AEF-9A13-AC62C887AD03}.Release|Any CPU.Build.0 = Release|Any CPU
		{29141533-FC99-4C1A-A0EF-3095C6A7041B}.Debug|Any CPU.ActiveCfg = Debug|Any CPU
		{29141533-FC99-4C1A-A0EF-3095C6A7041B}.Debug|Any CPU.Build.0 = Debug|Any CPU
		{29141533-FC99-4C1A-A0EF-3095C6A7041B}.Release|Any CPU.ActiveCfg = Release|Any CPU
		{29141533-FC99-4C1A-A0EF-3095C6A7041B}.Release|Any CPU.Build.0 = Release|Any CPU
		{F36173D9-9783-472A-B943-4D306BA3CD9D}.Debug|Any CPU.ActiveCfg = Debug|Any CPU
		{F36173D9-9783-472A-B943-4D306BA3CD9D}.Debug|Any CPU.Build.0 = Debug|Any CPU
		{F36173D9-9783-472A-B943-4D306BA3CD9D}.Release|Any CPU.ActiveCfg = Release|Any CPU
		{F36173D9-9783-472A-B943-4D306BA3CD9D}.Release|Any CPU.Build.0 = Release|Any CPU
		{151416F0-D3CE-48D6-ACCE-EB1EEBD5AD18}.Debug|Any CPU.ActiveCfg = Debug|Any CPU
		{151416F0-D3CE-48D6-ACCE-EB1EEBD5AD18}.Debug|Any CPU.Build.0 = Debug|Any CPU
		{151416F0-D3CE-48D6-ACCE-EB1EEBD5AD18}.Release|Any CPU.ActiveCfg = Release|Any CPU
		{151416F0-D3CE-48D6-ACCE-EB1EEBD5AD18}.Release|Any CPU.Build.0 = Release|Any CPU
		{617D1A0D-2E6A-4868-BE96-AFA6BDEE07CC}.Debug|Any CPU.ActiveCfg = Debug|Any CPU
		{617D1A0D-2E6A-4868-BE96-AFA6BDEE07CC}.Debug|Any CPU.Build.0 = Debug|Any CPU
		{617D1A0D-2E6A-4868-BE96-AFA6BDEE07CC}.Release|Any CPU.ActiveCfg = Release|Any CPU
		{617D1A0D-2E6A-4868-BE96-AFA6BDEE07CC}.Release|Any CPU.Build.0 = Release|Any CPU
		{D85CC985-2203-4F65-BE6B-61DA9B4A00FB}.Debug|Any CPU.ActiveCfg = Debug|Any CPU
		{D85CC985-2203-4F65-BE6B-61DA9B4A00FB}.Debug|Any CPU.Build.0 = Debug|Any CPU
		{D85CC985-2203-4F65-BE6B-61DA9B4A00FB}.Release|Any CPU.ActiveCfg = Release|Any CPU
		{D85CC985-2203-4F65-BE6B-61DA9B4A00FB}.Release|Any CPU.Build.0 = Release|Any CPU
		{0CA4FE62-519E-43C1-8ADD-D26F6D9A0165}.Debug|Any CPU.ActiveCfg = Debug|Any CPU
		{0CA4FE62-519E-43C1-8ADD-D26F6D9A0165}.Debug|Any CPU.Build.0 = Debug|Any CPU
		{0CA4FE62-519E-43C1-8ADD-D26F6D9A0165}.Release|Any CPU.ActiveCfg = Release|Any CPU
		{0CA4FE62-519E-43C1-8ADD-D26F6D9A0165}.Release|Any CPU.Build.0 = Release|Any CPU
		{FB8FEA64-18E2-47A5-B277-30BBF68F297F}.Debug|Any CPU.ActiveCfg = Debug|Any CPU
		{FB8FEA64-18E2-47A5-B277-30BBF68F297F}.Debug|Any CPU.Build.0 = Debug|Any CPU
		{FB8FEA64-18E2-47A5-B277-30BBF68F297F}.Release|Any CPU.ActiveCfg = Release|Any CPU
		{FB8FEA64-18E2-47A5-B277-30BBF68F297F}.Release|Any CPU.Build.0 = Release|Any CPU
		{3413C010-F57F-4B05-9A95-980A16EA768E}.Debug|Any CPU.ActiveCfg = Debug|Any CPU
		{3413C010-F57F-4B05-9A95-980A16EA768E}.Debug|Any CPU.Build.0 = Debug|Any CPU
		{3413C010-F57F-4B05-9A95-980A16EA768E}.Release|Any CPU.ActiveCfg = Release|Any CPU
		{3413C010-F57F-4B05-9A95-980A16EA768E}.Release|Any CPU.Build.0 = Release|Any CPU
		{84360AC8-C346-43DA-A960-724766203A1C}.Debug|Any CPU.ActiveCfg = Debug|Any CPU
		{84360AC8-C346-43DA-A960-724766203A1C}.Debug|Any CPU.Build.0 = Debug|Any CPU
		{84360AC8-C346-43DA-A960-724766203A1C}.Release|Any CPU.ActiveCfg = Release|Any CPU
		{84360AC8-C346-43DA-A960-724766203A1C}.Release|Any CPU.Build.0 = Release|Any CPU
		{BF325CE3-B3E6-4E52-B41B-10774506ADC2}.Debug|Any CPU.ActiveCfg = Debug|Any CPU
		{BF325CE3-B3E6-4E52-B41B-10774506ADC2}.Debug|Any CPU.Build.0 = Debug|Any CPU
		{BF325CE3-B3E6-4E52-B41B-10774506ADC2}.Release|Any CPU.ActiveCfg = Release|Any CPU
		{BF325CE3-B3E6-4E52-B41B-10774506ADC2}.Release|Any CPU.Build.0 = Release|Any CPU
		{6E2E7FC7-BEA9-4B0E-BA91-3D6A3786189C}.Debug|Any CPU.ActiveCfg = Debug|Any CPU
		{6E2E7FC7-BEA9-4B0E-BA91-3D6A3786189C}.Debug|Any CPU.Build.0 = Debug|Any CPU
		{6E2E7FC7-BEA9-4B0E-BA91-3D6A3786189C}.Release|Any CPU.ActiveCfg = Release|Any CPU
		{6E2E7FC7-BEA9-4B0E-BA91-3D6A3786189C}.Release|Any CPU.Build.0 = Release|Any CPU
		{7735551A-DCF6-4B90-9A5C-CD20705FB393}.Debug|Any CPU.ActiveCfg = Debug|Any CPU
		{7735551A-DCF6-4B90-9A5C-CD20705FB393}.Debug|Any CPU.Build.0 = Debug|Any CPU
		{7735551A-DCF6-4B90-9A5C-CD20705FB393}.Release|Any CPU.ActiveCfg = Release|Any CPU
		{7735551A-DCF6-4B90-9A5C-CD20705FB393}.Release|Any CPU.Build.0 = Release|Any CPU
		{7BEEEFBD-6D05-4BA1-B61E-7C3C5C6BABCB}.Debug|Any CPU.ActiveCfg = Debug|Any CPU
		{7BEEEFBD-6D05-4BA1-B61E-7C3C5C6BABCB}.Debug|Any CPU.Build.0 = Debug|Any CPU
		{7BEEEFBD-6D05-4BA1-B61E-7C3C5C6BABCB}.Release|Any CPU.ActiveCfg = Release|Any CPU
		{7BEEEFBD-6D05-4BA1-B61E-7C3C5C6BABCB}.Release|Any CPU.Build.0 = Release|Any CPU
		{965909D5-63FD-4A31-899E-BD49CE71DFC0}.Debug|Any CPU.ActiveCfg = Debug|Any CPU
		{965909D5-63FD-4A31-899E-BD49CE71DFC0}.Debug|Any CPU.Build.0 = Debug|Any CPU
		{965909D5-63FD-4A31-899E-BD49CE71DFC0}.Release|Any CPU.ActiveCfg = Release|Any CPU
		{965909D5-63FD-4A31-899E-BD49CE71DFC0}.Release|Any CPU.Build.0 = Release|Any CPU
		{D1C26E36-2E4D-4756-AC9E-20050558D6EA}.Debug|Any CPU.ActiveCfg = Debug|Any CPU
		{D1C26E36-2E4D-4756-AC9E-20050558D6EA}.Debug|Any CPU.Build.0 = Debug|Any CPU
		{D1C26E36-2E4D-4756-AC9E-20050558D6EA}.Release|Any CPU.ActiveCfg = Release|Any CPU
		{D1C26E36-2E4D-4756-AC9E-20050558D6EA}.Release|Any CPU.Build.0 = Release|Any CPU
	EndGlobalSection
	GlobalSection(SolutionProperties) = preSolution
		HideSolutionNode = FALSE
	EndGlobalSection
	GlobalSection(NestedProjects) = preSolution
		{AA3FAF8A-B78C-48C5-AC97-738BE2DE84E6} = {5146593D-49FD-448E-9CAE-4D62216F755F}
		{7A86CED8-8813-49EA-92E9-843EB0AA6B65} = {5146593D-49FD-448E-9CAE-4D62216F755F}
		{F2826F4C-059C-48D3-81CF-700F76D98D44} = {58F209B3-0C3D-43B0-9E96-3925BF16D005}
		{8B8CB1EB-2F84-4D76-AD6F-0E5E6EC3AE09} = {F3CF24EB-45B6-4945-ACC8-35010B6C5220}
		{FECE0078-DACF-424A-9FE6-7D9780621587} = {5A85323B-1713-4ECF-9220-C037853024C5}
		{AC24239C-82F6-4984-A63D-43076C655C73} = {5A85323B-1713-4ECF-9220-C037853024C5}
		{0B31B011-508D-4C0F-88E8-285067D68CDF} = {A494FF05-683C-42FC-ABD7-28A3D924087B}
		{E3A8202E-00B4-403D-8F4B-BFFE5AD5F6D6} = {B59B6263-77E6-4FAD-B043-1E8A964C74FF}
		{A494FF05-683C-42FC-ABD7-28A3D924087B} = {B59B6263-77E6-4FAD-B043-1E8A964C74FF}
		{DF788293-F6E7-46C4-A7C6-6082FEC2B739} = {DD709C8A-9D57-4EE1-B28C-D631C7B31F83}
		{5A85323B-1713-4ECF-9220-C037853024C5} = {DD709C8A-9D57-4EE1-B28C-D631C7B31F83}
		{5146593D-49FD-448E-9CAE-4D62216F755F} = {DD709C8A-9D57-4EE1-B28C-D631C7B31F83}
		{F3CF24EB-45B6-4945-ACC8-35010B6C5220} = {DD709C8A-9D57-4EE1-B28C-D631C7B31F83}
		{58F209B3-0C3D-43B0-9E96-3925BF16D005} = {DD709C8A-9D57-4EE1-B28C-D631C7B31F83}
		{9CDC2671-F7ED-4A45-896B-3D0496E10832} = {DF788293-F6E7-46C4-A7C6-6082FEC2B739}
		{632D8D2C-D866-4AEF-9A13-AC62C887AD03} = {939C7A06-B2DA-4DE9-8D2F-51EC4C463D2C}
		{29141533-FC99-4C1A-A0EF-3095C6A7041B} = {939C7A06-B2DA-4DE9-8D2F-51EC4C463D2C}
		{F36173D9-9783-472A-B943-4D306BA3CD9D} = {0708911F-100A-4C12-B425-A34FF9B54CFF}
		{151416F0-D3CE-48D6-ACCE-EB1EEBD5AD18} = {0708911F-100A-4C12-B425-A34FF9B54CFF}
		{617D1A0D-2E6A-4868-BE96-AFA6BDEE07CC} = {6DFDA7A0-4F4F-468C-A059-B9B486004184}
		{D85CC985-2203-4F65-BE6B-61DA9B4A00FB} = {FD02C9E0-B33A-4F6A-9089-DACA23BBD5D4}
		{0CA4FE62-519E-43C1-8ADD-D26F6D9A0165} = {ECD733F5-3E09-49A6-8117-DDE36A9E4446}
		{FB8FEA64-18E2-47A5-B277-30BBF68F297F} = {6C0098AD-2DF4-4FE9-AD44-6D24B0A977EC}
		{3413C010-F57F-4B05-9A95-980A16EA768E} = {939C7A06-B2DA-4DE9-8D2F-51EC4C463D2C}
		{84360AC8-C346-43DA-A960-724766203A1C} = {5EB9FB53-634D-4D3E-A3D5-6453C29D4A1D}
		{BF325CE3-B3E6-4E52-B41B-10774506ADC2} = {5EB9FB53-634D-4D3E-A3D5-6453C29D4A1D}
		{6E2E7FC7-BEA9-4B0E-BA91-3D6A3786189C} = {209B7FC6-623B-4A21-8A0D-AF4FD5AC041F}
		{7735551A-DCF6-4B90-9A5C-CD20705FB393} = {1350C0A8-13CD-465D-A9AF-B220F12F20F2}
		{7BEEEFBD-6D05-4BA1-B61E-7C3C5C6BABCB} = {939C7A06-B2DA-4DE9-8D2F-51EC4C463D2C}
		{965909D5-63FD-4A31-899E-BD49CE71DFC0} = {6DFDA7A0-4F4F-468C-A059-B9B486004184}
		{6DFDA7A0-4F4F-468C-A059-B9B486004184} = {A958DAAC-7708-439F-8C4A-C18251170483}
		{1350C0A8-13CD-465D-A9AF-B220F12F20F2} = {A958DAAC-7708-439F-8C4A-C18251170483}
		{ECD733F5-3E09-49A6-8117-DDE36A9E4446} = {A958DAAC-7708-439F-8C4A-C18251170483}
		{5EB9FB53-634D-4D3E-A3D5-6453C29D4A1D} = {A958DAAC-7708-439F-8C4A-C18251170483}
		{FD02C9E0-B33A-4F6A-9089-DACA23BBD5D4} = {A958DAAC-7708-439F-8C4A-C18251170483}
		{0708911F-100A-4C12-B425-A34FF9B54CFF} = {A958DAAC-7708-439F-8C4A-C18251170483}
		{6C0098AD-2DF4-4FE9-AD44-6D24B0A977EC} = {A958DAAC-7708-439F-8C4A-C18251170483}
		{939C7A06-B2DA-4DE9-8D2F-51EC4C463D2C} = {A958DAAC-7708-439F-8C4A-C18251170483}
		{209B7FC6-623B-4A21-8A0D-AF4FD5AC041F} = {A958DAAC-7708-439F-8C4A-C18251170483}
		{D1C26E36-2E4D-4756-AC9E-20050558D6EA} = {E3A8202E-00B4-403D-8F4B-BFFE5AD5F6D6}
	EndGlobalSection
EndGlobal
