
Microsoft Visual Studio Solution File, Format Version 12.00
# Visual Studio 2013
VisualStudioVersion = 12.0.40629.0
MinimumVisualStudioVersion = 10.0.40219.1
Project("{FAE04EC0-301F-11D3-BF4B-00C04F79EFBC}") = "Web.Common", "Web.Common\Web.Common.csproj", "{965909D5-63FD-4A31-899E-BD49CE71DFC0}"
EndProject
Project("{FAE04EC0-301F-11D3-BF4B-00C04F79EFBC}") = "ServiceAgents.Common", "ServiceAgents.Common\ServiceAgents.Common.csproj", "{7735551A-DCF6-4B90-9A5C-CD20705FB393}"
EndProject
Project("{FAE04EC0-301F-11D3-BF4B-00C04F79EFBC}") = "DistributedServices.Common", "DistributedServices.Common\DistributedServices.Common.csproj", "{0CA4FE62-519E-43C1-8ADD-D26F6D9A0165}"
EndProject
Project("{FAE04EC0-301F-11D3-BF4B-00C04F79EFBC}") = "QueryContracts.Common", "QueryContracts.Common\QueryContracts.Common.csproj", "{84360AC8-C346-43DA-A960-724766203A1C}"
EndProject
Project("{FAE04EC0-301F-11D3-BF4B-00C04F79EFBC}") = "QueryHandlers.Common", "QueryHandlers.Common\QueryHandlers.Common.csproj", "{BF325CE3-B3E6-4E52-B41B-10774506ADC2}"
EndProject
Project("{FAE04EC0-301F-11D3-BF4B-00C04F79EFBC}") = "CommandContracts.Common", "CommandContracts.Common\CommandContracts.Common.csproj", "{F36173D9-9783-472A-B943-4D306BA3CD9D}"
EndProject
Project("{FAE04EC0-301F-11D3-BF4B-00C04F79EFBC}") = "CommandHandlers.Common", "CommandHandlers.Common\CommandHandlers.Common.csproj", "{151416F0-D3CE-48D6-ACCE-EB1EEBD5AD18}"
EndProject
Project("{FAE04EC0-301F-11D3-BF4B-00C04F79EFBC}") = "Domain.Common", "Domain.Common\Domain.Common.csproj", "{FB8FEA64-18E2-47A5-B277-30BBF68F297F}"
EndProject
Project("{FAE04EC0-301F-11D3-BF4B-00C04F79EFBC}") = "Data.Common", "Data.Common\Data.Common.csproj", "{D85CC985-2203-4F65-BE6B-61DA9B4A00FB}"
EndProject
Project("{FAE04EC0-301F-11D3-BF4B-00C04F79EFBC}") = "Bootstrapper.Wcf.Common", "Bootstrapper.Wcf.Common\Bootstrapper.Wcf.Common.csproj", "{632D8D2C-D866-4AEF-9A13-AC62C887AD03}"
EndProject
Project("{FAE04EC0-301F-11D3-BF4B-00C04F79EFBC}") = "Bootstrapper.Web.Common", "Bootstrapper.Web.Common\Bootstrapper.Web.Common.csproj", "{29141533-FC99-4C1A-A0EF-3095C6A7041B}"
EndProject
Project("{FAE04EC0-301F-11D3-BF4B-00C04F79EFBC}") = "Infraestructure.Common", "Infraestructure.Common\Infraestructure.Common.csproj", "{3413C010-F57F-4B05-9A95-980A16EA768E}"
EndProject
Project("{FAE04EC0-301F-11D3-BF4B-00C04F79EFBC}") = "WindowsService.Common", "WindowsService.Common\WindowsService.Common.csproj", "{7BEEEFBD-6D05-4BA1-B61E-7C3C5C6BABCB}"
EndProject
Project("{FAE04EC0-301F-11D3-BF4B-00C04F79EFBC}") = "Seguridad.Common", "Seguridad.Common\Seguridad.Common.csproj", "{6E2E7FC7-BEA9-4B0E-BA91-3D6A3786189C}"
EndProject
Project("{2150E333-8FDC-42A3-9474-1A3956D46DE8}") = "1. Web", "1. Web", "{42CBC434-372B-470C-9A27-7AD081F87F9A}"
EndProject
Project("{2150E333-8FDC-42A3-9474-1A3956D46DE8}") = "2. Agentes de Servicio", "2. Agentes de Servicio", "{4B358DD7-EA6F-4B02-89D9-BD93E848CB64}"
EndProject
Project("{2150E333-8FDC-42A3-9474-1A3956D46DE8}") = "3. Servicios Distribuidos", "3. Servicios Distribuidos", "{8BD9D69A-5341-4A6E-9135-C62E3DEDE9F2}"
EndProject
Project("{2150E333-8FDC-42A3-9474-1A3956D46DE8}") = "4. Servicios de Lectura", "4. Servicios de Lectura", "{64B039C9-D688-4F0F-84E0-7B1DB09DE091}"
EndProject
Project("{2150E333-8FDC-42A3-9474-1A3956D46DE8}") = "5. Servicios de Escritura", "5. Servicios de Escritura", "{A9578524-0267-41D3-AEFD-836CE2C9F44F}"
EndProject
Project("{2150E333-8FDC-42A3-9474-1A3956D46DE8}") = "7. Data", "7. Data", "{C379B4C2-F222-4DD8-85B2-35DEBD4D28E4}"
EndProject
Project("{2150E333-8FDC-42A3-9474-1A3956D46DE8}") = "6. Dominio", "6. Dominio", "{A81A45EF-E0BB-429D-A2FC-11B4BB9B3D73}"
EndProject
Project("{2150E333-8FDC-42A3-9474-1A3956D46DE8}") = "8. Infraestructura", "8. Infraestructura", "{347B913E-3F8C-4A0C-A932-EF0913B8A5F6}"
EndProject
Project("{2150E333-8FDC-42A3-9474-1A3956D46DE8}") = "9. Seguridad", "9. Seguridad", "{71D9212C-FA5A-4B9A-861B-3D5C8E519D1E}"
EndProject
Project("{FAE04EC0-301F-11D3-BF4B-00C04F79EFBC}") = "Componentes.Common", "Componentes.Common\Componentes.Common.csproj", "{617D1A0D-2E6A-4868-BE96-AFA6BDEE07CC}"
EndProject
Global
	GlobalSection(SolutionConfigurationPlatforms) = preSolution
		Debug|Any CPU = Debug|Any CPU
		Release|Any CPU = Release|Any CPU
	EndGlobalSection
	GlobalSection(ProjectConfigurationPlatforms) = postSolution
		{965909D5-63FD-4A31-899E-BD49CE71DFC0}.Debug|Any CPU.ActiveCfg = Debug|Any CPU
		{965909D5-63FD-4A31-899E-BD49CE71DFC0}.Debug|Any CPU.Build.0 = Debug|Any CPU
		{965909D5-63FD-4A31-899E-BD49CE71DFC0}.Release|Any CPU.ActiveCfg = Release|Any CPU
		{965909D5-63FD-4A31-899E-BD49CE71DFC0}.Release|Any CPU.Build.0 = Release|Any CPU
		{7735551A-DCF6-4B90-9A5C-CD20705FB393}.Debug|Any CPU.ActiveCfg = Debug|Any CPU
		{7735551A-DCF6-4B90-9A5C-CD20705FB393}.Debug|Any CPU.Build.0 = Debug|Any CPU
		{7735551A-DCF6-4B90-9A5C-CD20705FB393}.Release|Any CPU.ActiveCfg = Release|Any CPU
		{7735551A-DCF6-4B90-9A5C-CD20705FB393}.Release|Any CPU.Build.0 = Release|Any CPU
		{0CA4FE62-519E-43C1-8ADD-D26F6D9A0165}.Debug|Any CPU.ActiveCfg = Debug|Any CPU
		{0CA4FE62-519E-43C1-8ADD-D26F6D9A0165}.Debug|Any CPU.Build.0 = Debug|Any CPU
		{0CA4FE62-519E-43C1-8ADD-D26F6D9A0165}.Release|Any CPU.ActiveCfg = Release|Any CPU
		{0CA4FE62-519E-43C1-8ADD-D26F6D9A0165}.Release|Any CPU.Build.0 = Release|Any CPU
		{84360AC8-C346-43DA-A960-724766203A1C}.Debug|Any CPU.ActiveCfg = Debug|Any CPU
		{84360AC8-C346-43DA-A960-724766203A1C}.Debug|Any CPU.Build.0 = Debug|Any CPU
		{84360AC8-C346-43DA-A960-724766203A1C}.Release|Any CPU.ActiveCfg = Release|Any CPU
		{84360AC8-C346-43DA-A960-724766203A1C}.Release|Any CPU.Build.0 = Release|Any CPU
		{BF325CE3-B3E6-4E52-B41B-10774506ADC2}.Debug|Any CPU.ActiveCfg = Debug|Any CPU
		{BF325CE3-B3E6-4E52-B41B-10774506ADC2}.Debug|Any CPU.Build.0 = Debug|Any CPU
		{BF325CE3-B3E6-4E52-B41B-10774506ADC2}.Release|Any CPU.ActiveCfg = Release|Any CPU
		{BF325CE3-B3E6-4E52-B41B-10774506ADC2}.Release|Any CPU.Build.0 = Release|Any CPU
		{F36173D9-9783-472A-B943-4D306BA3CD9D}.Debug|Any CPU.ActiveCfg = Debug|Any CPU
		{F36173D9-9783-472A-B943-4D306BA3CD9D}.Debug|Any CPU.Build.0 = Debug|Any CPU
		{F36173D9-9783-472A-B943-4D306BA3CD9D}.Release|Any CPU.ActiveCfg = Release|Any CPU
		{F36173D9-9783-472A-B943-4D306BA3CD9D}.Release|Any CPU.Build.0 = Release|Any CPU
		{151416F0-D3CE-48D6-ACCE-EB1EEBD5AD18}.Debug|Any CPU.ActiveCfg = Debug|Any CPU
		{151416F0-D3CE-48D6-ACCE-EB1EEBD5AD18}.Debug|Any CPU.Build.0 = Debug|Any CPU
		{151416F0-D3CE-48D6-ACCE-EB1EEBD5AD18}.Release|Any CPU.ActiveCfg = Release|Any CPU
		{151416F0-D3CE-48D6-ACCE-EB1EEBD5AD18}.Release|Any CPU.Build.0 = Release|Any CPU
		{FB8FEA64-18E2-47A5-B277-30BBF68F297F}.Debug|Any CPU.ActiveCfg = Debug|Any CPU
		{FB8FEA64-18E2-47A5-B277-30BBF68F297F}.Debug|Any CPU.Build.0 = Debug|Any CPU
		{FB8FEA64-18E2-47A5-B277-30BBF68F297F}.Release|Any CPU.ActiveCfg = Release|Any CPU
		{FB8FEA64-18E2-47A5-B277-30BBF68F297F}.Release|Any CPU.Build.0 = Release|Any CPU
		{D85CC985-2203-4F65-BE6B-61DA9B4A00FB}.Debug|Any CPU.ActiveCfg = Debug|Any CPU
		{D85CC985-2203-4F65-BE6B-61DA9B4A00FB}.Debug|Any CPU.Build.0 = Debug|Any CPU
		{D85CC985-2203-4F65-BE6B-61DA9B4A00FB}.Release|Any CPU.ActiveCfg = Release|Any CPU
		{D85CC985-2203-4F65-BE6B-61DA9B4A00FB}.Release|Any CPU.Build.0 = Release|Any CPU
		{632D8D2C-D866-4AEF-9A13-AC62C887AD03}.Debug|Any CPU.ActiveCfg = Debug|Any CPU
		{632D8D2C-D866-4AEF-9A13-AC62C887AD03}.Debug|Any CPU.Build.0 = Debug|Any CPU
		{632D8D2C-D866-4AEF-9A13-AC62C887AD03}.Release|Any CPU.ActiveCfg = Release|Any CPU
		{632D8D2C-D866-4AEF-9A13-AC62C887AD03}.Release|Any CPU.Build.0 = Release|Any CPU
		{29141533-FC99-4C1A-A0EF-3095C6A7041B}.Debug|Any CPU.ActiveCfg = Debug|Any CPU
		{29141533-FC99-4C1A-A0EF-3095C6A7041B}.Debug|Any CPU.Build.0 = Debug|Any CPU
		{29141533-FC99-4C1A-A0EF-3095C6A7041B}.Release|Any CPU.ActiveCfg = Release|Any CPU
		{29141533-FC99-4C1A-A0EF-3095C6A7041B}.Release|Any CPU.Build.0 = Release|Any CPU
		{3413C010-F57F-4B05-9A95-980A16EA768E}.Debug|Any CPU.ActiveCfg = Debug|Any CPU
		{3413C010-F57F-4B05-9A95-980A16EA768E}.Debug|Any CPU.Build.0 = Debug|Any CPU
		{3413C010-F57F-4B05-9A95-980A16EA768E}.Release|Any CPU.ActiveCfg = Release|Any CPU
		{3413C010-F57F-4B05-9A95-980A16EA768E}.Release|Any CPU.Build.0 = Release|Any CPU
		{7BEEEFBD-6D05-4BA1-B61E-7C3C5C6BABCB}.Debug|Any CPU.ActiveCfg = Debug|Any CPU
		{7BEEEFBD-6D05-4BA1-B61E-7C3C5C6BABCB}.Debug|Any CPU.Build.0 = Debug|Any CPU
		{7BEEEFBD-6D05-4BA1-B61E-7C3C5C6BABCB}.Release|Any CPU.ActiveCfg = Release|Any CPU
		{7BEEEFBD-6D05-4BA1-B61E-7C3C5C6BABCB}.Release|Any CPU.Build.0 = Release|Any CPU
		{6E2E7FC7-BEA9-4B0E-BA91-3D6A3786189C}.Debug|Any CPU.ActiveCfg = Debug|Any CPU
		{6E2E7FC7-BEA9-4B0E-BA91-3D6A3786189C}.Debug|Any CPU.Build.0 = Debug|Any CPU
		{6E2E7FC7-BEA9-4B0E-BA91-3D6A3786189C}.Release|Any CPU.ActiveCfg = Release|Any CPU
		{6E2E7FC7-BEA9-4B0E-BA91-3D6A3786189C}.Release|Any CPU.Build.0 = Release|Any CPU
		{617D1A0D-2E6A-4868-BE96-AFA6BDEE07CC}.Debug|Any CPU.ActiveCfg = Debug|Any CPU
		{617D1A0D-2E6A-4868-BE96-AFA6BDEE07CC}.Debug|Any CPU.Build.0 = Debug|Any CPU
		{617D1A0D-2E6A-4868-BE96-AFA6BDEE07CC}.Release|Any CPU.ActiveCfg = Release|Any CPU
		{617D1A0D-2E6A-4868-BE96-AFA6BDEE07CC}.Release|Any CPU.Build.0 = Release|Any CPU
	EndGlobalSection
	GlobalSection(SolutionProperties) = preSolution
		HideSolutionNode = FALSE
	EndGlobalSection
	GlobalSection(NestedProjects) = preSolution
		{965909D5-63FD-4A31-899E-BD49CE71DFC0} = {42CBC434-372B-470C-9A27-7AD081F87F9A}
		{7735551A-DCF6-4B90-9A5C-CD20705FB393} = {4B358DD7-EA6F-4B02-89D9-BD93E848CB64}
		{0CA4FE62-519E-43C1-8ADD-D26F6D9A0165} = {8BD9D69A-5341-4A6E-9135-C62E3DEDE9F2}
		{84360AC8-C346-43DA-A960-724766203A1C} = {64B039C9-D688-4F0F-84E0-7B1DB09DE091}
		{BF325CE3-B3E6-4E52-B41B-10774506ADC2} = {64B039C9-D688-4F0F-84E0-7B1DB09DE091}
		{F36173D9-9783-472A-B943-4D306BA3CD9D} = {A9578524-0267-41D3-AEFD-836CE2C9F44F}
		{151416F0-D3CE-48D6-ACCE-EB1EEBD5AD18} = {A9578524-0267-41D3-AEFD-836CE2C9F44F}
		{FB8FEA64-18E2-47A5-B277-30BBF68F297F} = {A81A45EF-E0BB-429D-A2FC-11B4BB9B3D73}
		{D85CC985-2203-4F65-BE6B-61DA9B4A00FB} = {C379B4C2-F222-4DD8-85B2-35DEBD4D28E4}
		{632D8D2C-D866-4AEF-9A13-AC62C887AD03} = {347B913E-3F8C-4A0C-A932-EF0913B8A5F6}
		{29141533-FC99-4C1A-A0EF-3095C6A7041B} = {347B913E-3F8C-4A0C-A932-EF0913B8A5F6}
		{3413C010-F57F-4B05-9A95-980A16EA768E} = {347B913E-3F8C-4A0C-A932-EF0913B8A5F6}
		{7BEEEFBD-6D05-4BA1-B61E-7C3C5C6BABCB} = {347B913E-3F8C-4A0C-A932-EF0913B8A5F6}
		{6E2E7FC7-BEA9-4B0E-BA91-3D6A3786189C} = {71D9212C-FA5A-4B9A-861B-3D5C8E519D1E}
		{617D1A0D-2E6A-4868-BE96-AFA6BDEE07CC} = {42CBC434-372B-470C-9A27-7AD081F87F9A}
	EndGlobalSection
EndGlobal
